
Microsoft Visual Studio Solution File, Format Version 12.00
# Visual Studio 15
VisualStudioVersion = 15.0.28307.960
MinimumVisualStudioVersion = 10.0.40219.1
Project("{9A19103F-16F7-4668-BE54-9A1E7A4F7556}") = "RanOnlineCore", "RanOnlineCore\RanOnlineCore.csproj", "{4C9D80A5-C2F1-48A4-A556-624F4D78FB34}"
EndProject
Project("{FAE04EC0-301F-11D3-BF4B-00C04F79EFBC}") = "DDOSElementsZO", "DDOSElementsZO\DDOSElementsZO.csproj", "{0A087726-CBAA-4B45-91E4-D4F526E2DFC9}"
EndProject
Global
	GlobalSection(SolutionConfigurationPlatforms) = preSolution
		Debug|Any CPU = Debug|Any CPU
		Release|Any CPU = Release|Any CPU
	EndGlobalSection
	GlobalSection(ProjectConfigurationPlatforms) = postSolution
		{4C9D80A5-C2F1-48A4-A556-624F4D78FB34}.Debug|Any CPU.ActiveCfg = Debug|Any CPU
		{4C9D80A5-C2F1-48A4-A556-624F4D78FB34}.Debug|Any CPU.Build.0 = Debug|Any CPU
		{4C9D80A5-C2F1-48A4-A556-624F4D78FB34}.Release|Any CPU.ActiveCfg = Release|Any CPU
		{4C9D80A5-C2F1-48A4-A556-624F4D78FB34}.Release|Any CPU.Build.0 = Release|Any CPU
		{0A087726-CBAA-4B45-91E4-D4F526E2DFC9}.Debug|Any CPU.ActiveCfg = Debug|Any CPU
		{0A087726-CBAA-4B45-91E4-D4F526E2DFC9}.Debug|Any CPU.Build.0 = Debug|Any CPU
		{0A087726-CBAA-4B45-91E4-D4F526E2DFC9}.Release|Any CPU.ActiveCfg = Release|Any CPU
		{0A087726-CBAA-4B45-91E4-D4F526E2DFC9}.Release|Any CPU.Build.0 = Release|Any CPU
	EndGlobalSection
	GlobalSection(SolutionProperties) = preSolution
		HideSolutionNode = FALSE
	EndGlobalSection
	GlobalSection(ExtensibilityGlobals) = postSolution
		SolutionGuid = {FE59D15B-75F5-47C2-AC70-2B16B7319A02}
	EndGlobalSection
EndGlobal
